
Microsoft Visual Studio Solution File, Format Version 12.00
# Visual Studio 15
VisualStudioVersion = 15.0.27428.2037
MinimumVisualStudioVersion = 10.0.40219.1
Project("{FAE04EC0-301F-11D3-BF4B-00C04F79EFBC}") = "scoreQuery.Spider", "scoreQuery.Spider\scoreQuery.Spider.csproj", "{6DF677F2-CCAA-493C-A946-BD08EA36B857}"
EndProject
Global
	GlobalSection(SolutionConfigurationPlatforms) = preSolution
		Debug|Any CPU = Debug|Any CPU
		Release|Any CPU = Release|Any CPU
	EndGlobalSection
	GlobalSection(ProjectConfigurationPlatforms) = postSolution
		{6DF677F2-CCAA-493C-A946-BD08EA36B857}.Debug|Any CPU.ActiveCfg = Debug|Any CPU
		{6DF677F2-CCAA-493C-A946-BD08EA36B857}.Debug|Any CPU.Build.0 = Debug|Any CPU
		{6DF677F2-CCAA-493C-A946-BD08EA36B857}.Release|Any CPU.ActiveCfg = Release|Any CPU
		{6DF677F2-CCAA-493C-A946-BD08EA36B857}.Release|Any CPU.Build.0 = Release|Any CPU
	EndGlobalSection
	GlobalSection(SolutionProperties) = preSolution
		HideSolutionNode = FALSE
	EndGlobalSection
	GlobalSection(ExtensibilityGlobals) = postSolution
		SolutionGuid = {B64B17FF-3E1E-4FCB-9468-E5FE3D689422}
	EndGlobalSection
EndGlobal
